<?xml version="1.0" encoding="UTF-8"?>
<CONFIG>
  <ProjectOptions>
    <Version Value="9"/>
    <General>
      <Flags>
        <MainUnitHasUsesSectionForAllUnits Value="False"/>
        <MainUnitHasCreateFormStatements Value="False"/>
        <MainUnitHasTitleStatement Value="False"/>
      </Flags>
      <SessionStorage Value="InProjectDir"/>
      <MainUnit Value="0"/>
      <Title Value="opProfiler"/>
      <UseAppBundle Value="False"/>
      <ResourceType Value="res"/>
    </General>
    <i18n>
      <EnableI18N LFM="False"/>
    </i18n>
    <VersionInfo>
      <UseVersionInfo Value="True"/>
      <MajorVersionNr Value="1"/>
      <StringTable ProductVersion=""/>
    </VersionInfo>
    <BuildModes Count="1">
      <Item1 Name="Default" Default="True"/>
    </BuildModes>
    <PublishOptions>
      <Version Value="2"/>
    </PublishOptions>
    <RunParams>
      <local>
        <FormatVersion Value="1"/>
      </local>
    </RunParams>
    <RequiredPackages Count="1">
      <Item1>
        <PackageName Value="LCL"/>
      </Item1>
    </RequiredPackages>
    <Units Count="35">
      <Unit0>
        <Filename Value="opProfiler.dpr"/>
        <IsPartOfProject Value="True"/>
      </Unit0>
      <Unit1>
        <Filename Value="gppMain.pas"/>
        <IsPartOfProject Value="True"/>
        <HasResources Value="True"/>
      </Unit1>
      <Unit2>
        <Filename Value="gppPreferences.pas"/>
        <IsPartOfProject Value="True"/>
        <HasResources Value="True"/>
      </Unit2>
      <Unit3>
        <Filename Value="gpParser.pas"/>
        <IsPartOfProject Value="True"/>
      </Unit3>
      <Unit4>
        <Filename Value="gppIDT.pas"/>
        <IsPartOfProject Value="True"/>
      </Unit4>
      <Unit5>
        <Filename Value="gppLoadProgress.pas"/>
        <IsPartOfProject Value="True"/>
        <HasResources Value="True"/>
      </Unit5>
      <Unit6>
        <Filename Value="gppAbout.pas"/>
        <IsPartOfProject Value="True"/>
        <HasResources Value="True"/>
      </Unit6>
      <Unit7>
        <Filename Value="gppExport.pas"/>
        <IsPartOfProject Value="True"/>
        <HasResources Value="True"/>
      </Unit7>
      <Unit8>
        <Filename Value="gpFileEdit.pas"/>
        <IsPartOfProject Value="True"/>
      </Unit8>
      <Unit9>
        <Filename Value="gpRegUnreg.pas"/>
        <IsPartOfProject Value="True"/>
      </Unit9>
      <Unit10>
        <Filename Value="gppCallGraph.pas"/>
        <IsPartOfProject Value="True"/>
        <HasResources Value="True"/>
      </Unit10>
      <Unit11>
        <Filename Value="gppComCtl.pas"/>
        <IsPartOfProject Value="True"/>
        <HasResources Value="True"/>
      </Unit11>
      <Unit12>
        <Filename Value="DProjUnit.pas"/>
        <IsPartOfProject Value="True"/>
      </Unit12>
      <Unit13>
        <Filename Value="BdsProjUnit.pas"/>
        <IsPartOfProject Value="True"/>
      </Unit13>
      <Unit14>
        <Filename Value="../GPComponents/GPNative/source/gpArrowListView.pas"/>
        <IsPartOfProject Value="True"/>
      </Unit14>
      <Unit15>
        <Filename Value="../GPComponents/GPNative/source/gpCheckLst.pas"/>
        <IsPartOfProject Value="True"/>
      </Unit15>
      <Unit16>
        <Filename Value="../GPComponents/GPNative/source/gpMRU.pas"/>
        <IsPartOfProject Value="True"/>
      </Unit16>
      <Unit17>
        <Filename Value="../GPComponents/GPNative/source/gpString.pas"/>
        <IsPartOfProject Value="True"/>
      </Unit17>
      <Unit18>
        <Filename Value="../GPComponents/mwEdit/mwCustomEdit.pas"/>
        <IsPartOfProject Value="True"/>
      </Unit18>
      <Unit19>
        <Filename Value="../GPComponents/mwEdit/mwHighlighter.pas"/>
        <IsPartOfProject Value="True"/>
      </Unit19>
      <Unit20>
        <Filename Value="../GPComponents/mwEdit/mwPasSyn.pas"/>
        <IsPartOfProject Value="True"/>
      </Unit20>
      <Unit21>
        <Filename Value="GpHugeF.pas"/>
        <IsPartOfProject Value="True"/>
      </Unit21>
      <Unit22>
        <Filename Value="gpiff.pas"/>
        <IsPartOfProject Value="True"/>
        <UnitName Value="GpIFF"/>
      </Unit22>
      <Unit23>
        <Filename Value="gppcommon.pas"/>
        <IsPartOfProject Value="True"/>
        <UnitName Value="gppCommon"/>
      </Unit23>
      <Unit24>
        <Filename Value="gppresults.pas"/>
        <IsPartOfProject Value="True"/>
        <UnitName Value="gppResults"/>
      </Unit24>
      <Unit25>
        <Filename Value="gpprofh.pas"/>
        <IsPartOfProject Value="True"/>
        <UnitName Value="GpProfH"/>
      </Unit25>
      <Unit26>
        <Filename Value="GpRegistry.pas"/>
        <IsPartOfProject Value="True"/>
      </Unit26>
      <Unit27>
        <Filename Value="GpVersion.pas"/>
        <IsPartOfProject Value="True"/>
      </Unit27>
      <Unit28>
        <Filename Value="SimpleReportUnit.pas"/>
        <IsPartOfProject Value="True"/>
        <HasResources Value="True"/>
      </Unit28>
      <Unit29>
        <Filename Value="OutSources/CastaliaDelphiParser/CastaliaPasLex.pas"/>
        <IsPartOfProject Value="True"/>
      </Unit29>
      <Unit30>
        <Filename Value="OutSources/CastaliaDelphiParser/CastaliaPasLexTypes.pas"/>
        <IsPartOfProject Value="True"/>
      </Unit30>
      <Unit31>
        <Filename Value="OutSources/EZDSL/EZDSLBSE.PAS"/>
        <IsPartOfProject Value="True"/>
      </Unit31>
      <Unit32>
        <Filename Value="OutSources/EZDSL/EZDSLDBL.PAS"/>
        <IsPartOfProject Value="True"/>
      </Unit32>
      <Unit33>
        <Filename Value="OutSources/EZDSL/EZDSLSKP.PAS"/>
        <IsPartOfProject Value="True"/>
      </Unit33>
      <Unit34>
        <Filename Value="OutSources/EZDSL/EZDSLSUP.PAS"/>
        <IsPartOfProject Value="True"/>
      </Unit34>
    </Units>
  </ProjectOptions>
  <CompilerOptions>
    <Version Value="11"/>
    <Target>
      <Filename Value="bin/{}"/>
    </Target>
    <SearchPaths>
      <IncludeFiles Value="../GPComponents/GPNative/source;../GPComponents/mwEdit;OutSources/EZDSL;OutSources/CastaliaDelphiParser;$(ProjOutDir)"/>
      <OtherUnitFiles Value="../GPComponents/GPNative/source;../GPComponents/mwEdit;OutSources/EZDSL;OutSources/CastaliaDelphiParser"/>
    </SearchPaths>
    <Parsing>
      <SyntaxOptions>
        <SyntaxMode Value="Delphi"/>
      </SyntaxOptions>
    </Parsing>
    <Linking>
      <Options>
        <Win32>
          <GraphicApplication Value="True"/>
        </Win32>
      </Options>
    </Linking>
    <Other>
      <CustomOptions Value="-dBorland -dVer150 -dDelphi7 -dCompiler6_Up -dPUREPASCAL"/>
    </Other>
  </CompilerOptions>
  <Debugging>
    <Exceptions Count="3">
      <Item1>
        <Name Value="EAbort"/>
      </Item1>
      <Item2>
        <Name Value="ECodetoolError"/>
      </Item2>
      <Item3>
        <Name Value="EFOpenError"/>
      </Item3>
    </Exceptions>
  </Debugging>
</CONFIG>
